
Microsoft Visual Studio Solution File, Format Version 12.00
# Visual Studio Version 16
VisualStudioVersion = 16.0.31911.196
MinimumVisualStudioVersion = 10.0.40219.1
Project("{FAE04EC0-301F-11D3-BF4B-00C04F79EFBC}") = "20211220_SandwichWorld", "20211220_SandwichWorld\20211220_SandwichWorld.csproj", "{6DB5B67C-7156-4239-A912-4CBBAE942BCF}"
EndProject
Global
	GlobalSection(SolutionConfigurationPlatforms) = preSolution
		Debug|Any CPU = Debug|Any CPU
		Release|Any CPU = Release|Any CPU
	EndGlobalSection
	GlobalSection(ProjectConfigurationPlatforms) = postSolution
		{6DB5B67C-7156-4239-A912-4CBBAE942BCF}.Debug|Any CPU.ActiveCfg = Debug|Any CPU
		{6DB5B67C-7156-4239-A912-4CBBAE942BCF}.Debug|Any CPU.Build.0 = Debug|Any CPU
		{6DB5B67C-7156-4239-A912-4CBBAE942BCF}.Release|Any CPU.ActiveCfg = Release|Any CPU
		{6DB5B67C-7156-4239-A912-4CBBAE942BCF}.Release|Any CPU.Build.0 = Release|Any CPU
	EndGlobalSection
	GlobalSection(SolutionProperties) = preSolution
		HideSolutionNode = FALSE
	EndGlobalSection
	GlobalSection(ExtensibilityGlobals) = postSolution
		SolutionGuid = {C27D7F79-8316-4597-B348-FA0FDC66A6EA}
	EndGlobalSection
EndGlobal
